
Microsoft Visual Studio Solution File, Format Version 12.00
# Visual Studio 15
VisualStudioVersion = 15.0.28010.2019
MinimumVisualStudioVersion = 10.0.40219.1
Project("{FAE04EC0-301F-11D3-BF4B-00C04F79EFBC}") = "WeeWoo", "WeeWoo\WeeWoo.csproj", "{1EE4DBC3-934F-4CD5-827E-84C602E60EEE}"
EndProject
Global
	GlobalSection(SolutionConfigurationPlatforms) = preSolution
		Debug|Any CPU = Debug|Any CPU
		Release|Any CPU = Release|Any CPU
	EndGlobalSection
	GlobalSection(ProjectConfigurationPlatforms) = postSolution
		{1EE4DBC3-934F-4CD5-827E-84C602E60EEE}.Debug|Any CPU.ActiveCfg = Debug|Any CPU
		{1EE4DBC3-934F-4CD5-827E-84C602E60EEE}.Debug|Any CPU.Build.0 = Debug|Any CPU
		{1EE4DBC3-934F-4CD5-827E-84C602E60EEE}.Release|Any CPU.ActiveCfg = Release|Any CPU
		{1EE4DBC3-934F-4CD5-827E-84C602E60EEE}.Release|Any CPU.Build.0 = Release|Any CPU
	EndGlobalSection
	GlobalSection(SolutionProperties) = preSolution
		HideSolutionNode = FALSE
	EndGlobalSection
	GlobalSection(ExtensibilityGlobals) = postSolution
		SolutionGuid = {00D3AA2B-27EB-4112-9212-998CA75821ED}
	EndGlobalSection
EndGlobal
